{
  "version": 4,
  "terraform_version": "1.10.4",
  "serial": 11,
  "lineage": "c3db1ee1-5ea6-93aa-7684-61901f8e9e46",
  "outputs": {
    "aws_s3_bucket_id": {
      "value": "tf-s3-bucket-123",
      "type": "string"
    },
    "aws_s3_bucket_name": {
      "value": "tf-s3-bucket-RKPQctrIzMI=",
      "type": "string"
    },
    "random_id": {
      "value": "RKPQctrIzMI=",
      "type": "string"
    }
  },
  "resources": [
    {
      "mode": "managed",
      "type": "random_id",
      "name": "rand_id",
      "provider": "provider[\"registry.terraform.io/hashicorp/random\"]",
      "instances": [
        {
          "schema_version": 0,
          "attributes": {
            "b64_std": "RKPQctrIzMI=",
            "b64_url": "RKPQctrIzMI",
            "byte_length": 8,
            "dec": "4946026007498378434",
            "hex": "44a3d072dac8ccc2",
            "id": "RKPQctrIzMI",
            "keepers": null,
            "prefix": null
          },
          "sensitive_attributes": []
        }
      ]
    }
  ],
  "check_results": null
}
